
Microsoft Visual Studio Solution File, Format Version 12.00
# Visual Studio Version 17
VisualStudioVersion = 17.14.36121.58 d17.14
MinimumVisualStudioVersion = 10.0.40219.1
Project("{FAE04EC0-301F-11D3-BF4B-00C04F79EFBC}") = "CICDMVCTest", "CICDMVCTest\CICDMVCTest.csproj", "{5F1A9299-D132-4BD1-A8AD-9F1935D4B687}"
EndProject
Global
	GlobalSection(SolutionConfigurationPlatforms) = preSolution
		Debug|Any CPU = Debug|Any CPU
		Release|Any CPU = Release|Any CPU
	EndGlobalSection
	GlobalSection(ProjectConfigurationPlatforms) = postSolution
		{5F1A9299-D132-4BD1-A8AD-9F1935D4B687}.Debug|Any CPU.ActiveCfg = Debug|Any CPU
		{5F1A9299-D132-4BD1-A8AD-9F1935D4B687}.Debug|Any CPU.Build.0 = Debug|Any CPU
		{5F1A9299-D132-4BD1-A8AD-9F1935D4B687}.Release|Any CPU.ActiveCfg = Release|Any CPU
		{5F1A9299-D132-4BD1-A8AD-9F1935D4B687}.Release|Any CPU.Build.0 = Release|Any CPU
	EndGlobalSection
	GlobalSection(SolutionProperties) = preSolution
		HideSolutionNode = FALSE
	EndGlobalSection
	GlobalSection(ExtensibilityGlobals) = postSolution
		SolutionGuid = {630978BA-13F2-4304-A333-58D3E2E59C6B}
	EndGlobalSection
EndGlobal
